// !$*UTF8*$!
{
	archiveVersion = 1;
	classes = {
	};
	objectVersion = 46;
	objects = {

/* Begin PBXBuildFile section */
		3D45472C19234CA4007551D2 /* Foundation.framework in Frameworks */ = {isa = PBXBuildFile; fileRef = 3D45472B19234CA4007551D2 /* Foundation.framework */; };
		3D45472E19234CA4007551D2 /* CoreGraphics.framework in Frameworks */ = {isa = PBXBuildFile; fileRef = 3D45472D19234CA4007551D2 /* CoreGraphics.framework */; };
		3D45473019234CA4007551D2 /* UIKit.framework in Frameworks */ = {isa = PBXBuildFile; fileRef = 3D45472F19234CA4007551D2 /* UIKit.framework */; };
		3D45473619234CA4007551D2 /* InfoPlist.strings in Resources */ = {isa = PBXBuildFile; fileRef = 3D45473419234CA4007551D2 /* InfoPlist.strings */; };
		3D45473819234CA4007551D2 /* main.m in Sources */ = {isa = PBXBuildFile; fileRef = 3D45473719234CA4007551D2 /* main.m */; };
		3D45473C19234CA4007551D2 /* PeerShopAppDelegate.m in Sources */ = {isa = PBXBuildFile; fileRef = 3D45473B19234CA4007551D2 /* PeerShopAppDelegate.m */; };
		3D45473F19234CA4007551D2 /* Main.storyboard in Resources */ = {isa = PBXBuildFile; fileRef = 3D45473D19234CA4007551D2 /* Main.storyboard */; };
		3D45474419234CA4007551D2 /* Images.xcassets in Resources */ = {isa = PBXBuildFile; fileRef = 3D45474319234CA4007551D2 /* Images.xcassets */; };
		3D45474B19234CA4007551D2 /* XCTest.framework in Frameworks */ = {isa = PBXBuildFile; fileRef = 3D45474A19234CA4007551D2 /* XCTest.framework */; };
		3D45474C19234CA4007551D2 /* Foundation.framework in Frameworks */ = {isa = PBXBuildFile; fileRef = 3D45472B19234CA4007551D2 /* Foundation.framework */; };
		3D45474D19234CA4007551D2 /* UIKit.framework in Frameworks */ = {isa = PBXBuildFile; fileRef = 3D45472F19234CA4007551D2 /* UIKit.framework */; };
		3D45475519234CA4007551D2 /* InfoPlist.strings in Resources */ = {isa = PBXBuildFile; fileRef = 3D45475319234CA4007551D2 /* InfoPlist.strings */; };
		3D45475719234CA4007551D2 /* PeerShopTests.m in Sources */ = {isa = PBXBuildFile; fileRef = 3D45475619234CA4007551D2 /* PeerShopTests.m */; };
		3D45476319235E59007551D2 /* ItemCollectionViewController.m in Sources */ = {isa = PBXBuildFile; fileRef = 3D45476219235E59007551D2 /* ItemCollectionViewController.m */; };
		3D45476619235F79007551D2 /* ItemDetailViewController.m in Sources */ = {isa = PBXBuildFile; fileRef = 3D45476519235F79007551D2 /* ItemDetailViewController.m */; };
		3D45476919236002007551D2 /* ItemCollectionViewCell.m in Sources */ = {isa = PBXBuildFile; fileRef = 3D45476819236002007551D2 /* ItemCollectionViewCell.m */; };
		3D45476C19236961007551D2 /* PeerShopInterface.m in Sources */ = {isa = PBXBuildFile; fileRef = 3D45476B19236961007551D2 /* PeerShopInterface.m */; };
		3D5C9BB1193D284E00359CEF /* ItemCollectionViewLayout.m in Sources */ = {isa = PBXBuildFile; fileRef = 3D5C9BB0193D284E00359CEF /* ItemCollectionViewLayout.m */; };
		3D634FF9193B4009007EFEB1 /* LoginVC.m in Sources */ = {isa = PBXBuildFile; fileRef = 3D634FF8193B4009007EFEB1 /* LoginVC.m */; };
		3D776E86193555C9007EECC4 /* ItemCreationTVC.m in Sources */ = {isa = PBXBuildFile; fileRef = 3D776E85193555C9007EECC4 /* ItemCreationTVC.m */; };
		3D8C9AF61941771D00B13494 /* PeerShopHeaderView.xib in Resources */ = {isa = PBXBuildFile; fileRef = 3D8C9AF51941771D00B13494 /* PeerShopHeaderView.xib */; };
		3D8C9AF919417A2700B13494 /* PeerShopHeaderView.m in Sources */ = {isa = PBXBuildFile; fileRef = 3D8C9AF819417A2700B13494 /* PeerShopHeaderView.m */; };
		3DA311CB194268D80041F993 /* BackgroundTVC.m in Sources */ = {isa = PBXBuildFile; fileRef = 3DA311CA194268D80041F993 /* BackgroundTVC.m */; };
		3DA311CE194269930041F993 /* BackgroundView.m in Sources */ = {isa = PBXBuildFile; fileRef = 3DA311CD194269930041F993 /* BackgroundView.m */; };
		3DA311D619429BB60041F993 /* PeerShop.xcdatamodeld in Sources */ = {isa = PBXBuildFile; fileRef = 3DA311D419429BB60041F993 /* PeerShop.xcdatamodeld */; };
		3DA311D919429CAE0041F993 /* PeerShopDatabase.m in Sources */ = {isa = PBXBuildFile; fileRef = 3DA311D819429CAE0041F993 /* PeerShopDatabase.m */; };
		3DA311DC19429FB30041F993 /* Item.m in Sources */ = {isa = PBXBuildFile; fileRef = 3DA311DB19429FB30041F993 /* Item.m */; };
		3DA311DE1942D67C0041F993 /* MessageUI.framework in Frameworks */ = {isa = PBXBuildFile; fileRef = 3DA311DD1942D67C0041F993 /* MessageUI.framework */; };
		3DA311E11942D79C0041F993 /* WhiteButton.m in Sources */ = {isa = PBXBuildFile; fileRef = 3DA311E01942D79C0041F993 /* WhiteButton.m */; };
		3DA311E31942DDCD0041F993 /* SearchHeaderView.xib in Resources */ = {isa = PBXBuildFile; fileRef = 3DA311E21942DDCD0041F993 /* SearchHeaderView.xib */; };
		3DA311E61942DE560041F993 /* ItemSearchViewController.m in Sources */ = {isa = PBXBuildFile; fileRef = 3DA311E51942DE560041F993 /* ItemSearchViewController.m */; };
		3DA311E91942DEAF0041F993 /* SearchHeaderView.m in Sources */ = {isa = PBXBuildFile; fileRef = 3DA311E81942DEAF0041F993 /* SearchHeaderView.m */; };
/* End PBXBuildFile section */

/* Begin PBXContainerItemProxy section */
		3D45474E19234CA4007551D2 /* PBXContainerItemProxy */ = {
			isa = PBXContainerItemProxy;
			containerPortal = 3D45472019234CA4007551D2 /* Project object */;
			proxyType = 1;
			remoteGlobalIDString = 3D45472719234CA4007551D2;
			remoteInfo = PeerShop;
		};
/* End PBXContainerItemProxy section */

/* Begin PBXFileReference section */
		3D45472819234CA4007551D2 /* PeerShop.app */ = {isa = PBXFileReference; explicitFileType = wrapper.application; includeInIndex = 0; path = PeerShop.app; sourceTree = BUILT_PRODUCTS_DIR; };
		3D45472B19234CA4007551D2 /* Foundation.framework */ = {isa = PBXFileReference; lastKnownFileType = wrapper.framework; name = Foundation.framework; path = System/Library/Frameworks/Foundation.framework; sourceTree = SDKROOT; };
		3D45472D19234CA4007551D2 /* CoreGraphics.framework */ = {isa = PBXFileReference; lastKnownFileType = wrapper.framework; name = CoreGraphics.framework; path = System/Library/Frameworks/CoreGraphics.framework; sourceTree = SDKROOT; };
		3D45472F19234CA4007551D2 /* UIKit.framework */ = {isa = PBXFileReference; lastKnownFileType = wrapper.framework; name = UIKit.framework; path = System/Library/Frameworks/UIKit.framework; sourceTree = SDKROOT; };
		3D45473319234CA4007551D2 /* PeerShop-Info.plist */ = {isa = PBXFileReference; lastKnownFileType = text.plist.xml; path = "PeerShop-Info.plist"; sourceTree = "<group>"; };
		3D45473519234CA4007551D2 /* en */ = {isa = PBXFileReference; lastKnownFileType = text.plist.strings; name = en; path = en.lproj/InfoPlist.strings; sourceTree = "<group>"; };
		3D45473719234CA4007551D2 /* main.m */ = {isa = PBXFileReference; lastKnownFileType = sourcecode.c.objc; path = main.m; sourceTree = "<group>"; };
		3D45473919234CA4007551D2 /* PeerShop-Prefix.pch */ = {isa = PBXFileReference; lastKnownFileType = sourcecode.c.h; path = "PeerShop-Prefix.pch"; sourceTree = "<group>"; };
		3D45473A19234CA4007551D2 /* PeerShopAppDelegate.h */ = {isa = PBXFileReference; lastKnownFileType = sourcecode.c.h; path = PeerShopAppDelegate.h; sourceTree = "<group>"; };
		3D45473B19234CA4007551D2 /* PeerShopAppDelegate.m */ = {isa = PBXFileReference; lastKnownFileType = sourcecode.c.objc; path = PeerShopAppDelegate.m; sourceTree = "<group>"; };
		3D45473E19234CA4007551D2 /* Base */ = {isa = PBXFileReference; lastKnownFileType = file.storyboard; name = Base; path = Base.lproj/Main.storyboard; sourceTree = "<group>"; };
		3D45474319234CA4007551D2 /* Images.xcassets */ = {isa = PBXFileReference; lastKnownFileType = folder.assetcatalog; path = Images.xcassets; sourceTree = "<group>"; };
		3D45474919234CA4007551D2 /* PeerShopTests.xctest */ = {isa = PBXFileReference; explicitFileType = wrapper.cfbundle; includeInIndex = 0; path = PeerShopTests.xctest; sourceTree = BUILT_PRODUCTS_DIR; };
		3D45474A19234CA4007551D2 /* XCTest.framework */ = {isa = PBXFileReference; lastKnownFileType = wrapper.framework; name = XCTest.framework; path = Library/Frameworks/XCTest.framework; sourceTree = DEVELOPER_DIR; };
		3D45475219234CA4007551D2 /* PeerShopTests-Info.plist */ = {isa = PBXFileReference; lastKnownFileType = text.plist.xml; path = "PeerShopTests-Info.plist"; sourceTree = "<group>"; };
		3D45475419234CA4007551D2 /* en */ = {isa = PBXFileReference; lastKnownFileType = text.plist.strings; name = en; path = en.lproj/InfoPlist.strings; sourceTree = "<group>"; };
		3D45475619234CA4007551D2 /* PeerShopTests.m */ = {isa = PBXFileReference; lastKnownFileType = sourcecode.c.objc; path = PeerShopTests.m; sourceTree = "<group>"; };
		3D45476119235E59007551D2 /* ItemCollectionViewController.h */ = {isa = PBXFileReference; fileEncoding = 4; lastKnownFileType = sourcecode.c.h; name = ItemCollectionViewController.h; path = Controller/ItemCollectionViewController.h; sourceTree = "<group>"; };
		3D45476219235E59007551D2 /* ItemCollectionViewController.m */ = {isa = PBXFileReference; fileEncoding = 4; lastKnownFileType = sourcecode.c.objc; name = ItemCollectionViewController.m; path = Controller/ItemCollectionViewController.m; sourceTree = "<group>"; };
		3D45476419235F79007551D2 /* ItemDetailViewController.h */ = {isa = PBXFileReference; fileEncoding = 4; lastKnownFileType = sourcecode.c.h; name = ItemDetailViewController.h; path = Controller/ItemDetailViewController.h; sourceTree = "<group>"; };
		3D45476519235F79007551D2 /* ItemDetailViewController.m */ = {isa = PBXFileReference; fileEncoding = 4; lastKnownFileType = sourcecode.c.objc; name = ItemDetailViewController.m; path = Controller/ItemDetailViewController.m; sourceTree = "<group>"; };
		3D45476719236002007551D2 /* ItemCollectionViewCell.h */ = {isa = PBXFileReference; fileEncoding = 4; lastKnownFileType = sourcecode.c.h; name = ItemCollectionViewCell.h; path = Controller/ItemCollectionViewCell.h; sourceTree = "<group>"; };
		3D45476819236002007551D2 /* ItemCollectionViewCell.m */ = {isa = PBXFileReference; fileEncoding = 4; lastKnownFileType = sourcecode.c.objc; name = ItemCollectionViewCell.m; path = Controller/ItemCollectionViewCell.m; sourceTree = "<group>"; };
		3D45476A19236961007551D2 /* PeerShopInterface.h */ = {isa = PBXFileReference; fileEncoding = 4; lastKnownFileType = sourcecode.c.h; path = PeerShopInterface.h; sourceTree = "<group>"; };
		3D45476B19236961007551D2 /* PeerShopInterface.m */ = {isa = PBXFileReference; fileEncoding = 4; lastKnownFileType = sourcecode.c.objc; path = PeerShopInterface.m; sourceTree = "<group>"; };
		3D5C9BAF193D284E00359CEF /* ItemCollectionViewLayout.h */ = {isa = PBXFileReference; fileEncoding = 4; lastKnownFileType = sourcecode.c.h; name = ItemCollectionViewLayout.h; path = Controller/ItemCollectionViewLayout.h; sourceTree = "<group>"; };
		3D5C9BB0193D284E00359CEF /* ItemCollectionViewLayout.m */ = {isa = PBXFileReference; fileEncoding = 4; lastKnownFileType = sourcecode.c.objc; name = ItemCollectionViewLayout.m; path = Controller/ItemCollectionViewLayout.m; sourceTree = "<group>"; };
		3D634FF7193B4009007EFEB1 /* LoginVC.h */ = {isa = PBXFileReference; fileEncoding = 4; lastKnownFileType = sourcecode.c.h; name = LoginVC.h; path = Controller/LoginVC.h; sourceTree = "<group>"; };
		3D634FF8193B4009007EFEB1 /* LoginVC.m */ = {isa = PBXFileReference; fileEncoding = 4; lastKnownFileType = sourcecode.c.objc; name = LoginVC.m; path = Controller/LoginVC.m; sourceTree = "<group>"; };
		3D776E84193555C9007EECC4 /* ItemCreationTVC.h */ = {isa = PBXFileReference; fileEncoding = 4; lastKnownFileType = sourcecode.c.h; name = ItemCreationTVC.h; path = Controller/ItemCreationTVC.h; sourceTree = "<group>"; };
		3D776E85193555C9007EECC4 /* ItemCreationTVC.m */ = {isa = PBXFileReference; fileEncoding = 4; lastKnownFileType = sourcecode.c.objc; name = ItemCreationTVC.m; path = Controller/ItemCreationTVC.m; sourceTree = "<group>"; };
		3D8C9AF51941771D00B13494 /* PeerShopHeaderView.xib */ = {isa = PBXFileReference; fileEncoding = 4; lastKnownFileType = file.xib; path = PeerShopHeaderView.xib; sourceTree = "<group>"; };
		3D8C9AF719417A2700B13494 /* PeerShopHeaderView.h */ = {isa = PBXFileReference; fileEncoding = 4; lastKnownFileType = sourcecode.c.h; name = PeerShopHeaderView.h; path = View/PeerShopHeaderView.h; sourceTree = "<group>"; };
		3D8C9AF819417A2700B13494 /* PeerShopHeaderView.m */ = {isa = PBXFileReference; fileEncoding = 4; lastKnownFileType = sourcecode.c.objc; name = PeerShopHeaderView.m; path = View/PeerShopHeaderView.m; sourceTree = "<group>"; };
		3DA311C9194268D80041F993 /* BackgroundTVC.h */ = {isa = PBXFileReference; fileEncoding = 4; lastKnownFileType = sourcecode.c.h; path = BackgroundTVC.h; sourceTree = "<group>"; };
		3DA311CA194268D80041F993 /* BackgroundTVC.m */ = {isa = PBXFileReference; fileEncoding = 4; lastKnownFileType = sourcecode.c.objc; path = BackgroundTVC.m; sourceTree = "<group>"; };
		3DA311CC194269930041F993 /* BackgroundView.h */ = {isa = PBXFileReference; fileEncoding = 4; lastKnownFileType = sourcecode.c.h; name = BackgroundView.h; path = View/BackgroundView.h; sourceTree = "<group>"; };
		3DA311CD194269930041F993 /* BackgroundView.m */ = {isa = PBXFileReference; fileEncoding = 4; lastKnownFileType = sourcecode.c.objc; name = BackgroundView.m; path = View/BackgroundView.m; sourceTree = "<group>"; };
		3DA311D519429BB60041F993 /* PeerShop.xcdatamodel */ = {isa = PBXFileReference; lastKnownFileType = wrapper.xcdatamodel; path = PeerShop.xcdatamodel; sourceTree = "<group>"; };
		3DA311D719429CAE0041F993 /* PeerShopDatabase.h */ = {isa = PBXFileReference; fileEncoding = 4; lastKnownFileType = sourcecode.c.h; name = PeerShopDatabase.h; path = Controller/PeerShopDatabase.h; sourceTree = "<group>"; };
		3DA311D819429CAE0041F993 /* PeerShopDatabase.m */ = {isa = PBXFileReference; fileEncoding = 4; lastKnownFileType = sourcecode.c.objc; name = PeerShopDatabase.m; path = Controller/PeerShopDatabase.m; sourceTree = "<group>"; };
		3DA311DA19429FB30041F993 /* Item.h */ = {isa = PBXFileReference; fileEncoding = 4; lastKnownFileType = sourcecode.c.h; name = Item.h; path = "Core Data/Item.h"; sourceTree = "<group>"; };
		3DA311DB19429FB30041F993 /* Item.m */ = {isa = PBXFileReference; fileEncoding = 4; lastKnownFileType = sourcecode.c.objc; name = Item.m; path = "Core Data/Item.m"; sourceTree = "<group>"; };
		3DA311DD1942D67C0041F993 /* MessageUI.framework */ = {isa = PBXFileReference; lastKnownFileType = wrapper.framework; name = MessageUI.framework; path = System/Library/Frameworks/MessageUI.framework; sourceTree = SDKROOT; };
		3DA311DF1942D79C0041F993 /* WhiteButton.h */ = {isa = PBXFileReference; fileEncoding = 4; lastKnownFileType = sourcecode.c.h; name = WhiteButton.h; path = View/WhiteButton.h; sourceTree = "<group>"; };
		3DA311E01942D79C0041F993 /* WhiteButton.m */ = {isa = PBXFileReference; fileEncoding = 4; lastKnownFileType = sourcecode.c.objc; name = WhiteButton.m; path = View/WhiteButton.m; sourceTree = "<group>"; };
		3DA311E21942DDCD0041F993 /* SearchHeaderView.xib */ = {isa = PBXFileReference; fileEncoding = 4; lastKnownFileType = file.xib; path = SearchHeaderView.xib; sourceTree = "<group>"; };
		3DA311E41942DE560041F993 /* ItemSearchViewController.h */ = {isa = PBXFileReference; fileEncoding = 4; lastKnownFileType = sourcecode.c.h; name = ItemSearchViewController.h; path = Controller/ItemSearchViewController.h; sourceTree = "<group>"; };
		3DA311E51942DE560041F993 /* ItemSearchViewController.m */ = {isa = PBXFileReference; fileEncoding = 4; lastKnownFileType = sourcecode.c.objc; name = ItemSearchViewController.m; path = Controller/ItemSearchViewController.m; sourceTree = "<group>"; };
		3DA311E71942DEAF0041F993 /* SearchHeaderView.h */ = {isa = PBXFileReference; fileEncoding = 4; lastKnownFileType = sourcecode.c.h; name = SearchHeaderView.h; path = View/SearchHeaderView.h; sourceTree = "<group>"; };
		3DA311E81942DEAF0041F993 /* SearchHeaderView.m */ = {isa = PBXFileReference; fileEncoding = 4; lastKnownFileType = sourcecode.c.objc; name = SearchHeaderView.m; path = View/SearchHeaderView.m; sourceTree = "<group>"; };
/* End PBXFileReference section */

/* Begin PBXFrameworksBuildPhase section */
		3D45472519234CA4007551D2 /* Frameworks */ = {
			isa = PBXFrameworksBuildPhase;
			buildActionMask = 2147483647;
			files = (
				3DA311DE1942D67C0041F993 /* MessageUI.framework in Frameworks */,
				3D45472E19234CA4007551D2 /* CoreGraphics.framework in Frameworks */,
				3D45473019234CA4007551D2 /* UIKit.framework in Frameworks */,
				3D45472C19234CA4007551D2 /* Foundation.framework in Frameworks */,
			);
			runOnlyForDeploymentPostprocessing = 0;
		};
		3D45474619234CA4007551D2 /* Frameworks */ = {
			isa = PBXFrameworksBuildPhase;
			buildActionMask = 2147483647;
			files = (
				3D45474B19234CA4007551D2 /* XCTest.framework in Frameworks */,
				3D45474D19234CA4007551D2 /* UIKit.framework in Frameworks */,
				3D45474C19234CA4007551D2 /* Foundation.framework in Frameworks */,
			);
			runOnlyForDeploymentPostprocessing = 0;
		};
/* End PBXFrameworksBuildPhase section */

/* Begin PBXGroup section */
		3D45471F19234CA4007551D2 = {
			isa = PBXGroup;
			children = (
				3D45473119234CA4007551D2 /* PeerShop */,
				3D45475019234CA4007551D2 /* PeerShopTests */,
				3D45472A19234CA4007551D2 /* Frameworks */,
				3D45472919234CA4007551D2 /* Products */,
			);
			sourceTree = "<group>";
		};
		3D45472919234CA4007551D2 /* Products */ = {
			isa = PBXGroup;
			children = (
				3D45472819234CA4007551D2 /* PeerShop.app */,
				3D45474919234CA4007551D2 /* PeerShopTests.xctest */,
			);
			name = Products;
			sourceTree = "<group>";
		};
		3D45472A19234CA4007551D2 /* Frameworks */ = {
			isa = PBXGroup;
			children = (
				3DA311DD1942D67C0041F993 /* MessageUI.framework */,
				3D45472B19234CA4007551D2 /* Foundation.framework */,
				3D45472D19234CA4007551D2 /* CoreGraphics.framework */,
				3D45472F19234CA4007551D2 /* UIKit.framework */,
				3D45474A19234CA4007551D2 /* XCTest.framework */,
			);
			name = Frameworks;
			sourceTree = "<group>";
		};
		3D45473119234CA4007551D2 /* PeerShop */ = {
			isa = PBXGroup;
			children = (
				3DA311D319429B810041F993 /* Core Data */,
				3D8C9AF4194176F100B13494 /* View */,
				3D5C9BAE193D281400359CEF /* ItemCollection */,
				3D45476019235E16007551D2 /* Controller */,
				3D45473D19234CA4007551D2 /* Main.storyboard */,
				3D45474319234CA4007551D2 /* Images.xcassets */,
				3D45476A19236961007551D2 /* PeerShopInterface.h */,
				3D45476B19236961007551D2 /* PeerShopInterface.m */,
				3D45473A19234CA4007551D2 /* PeerShopAppDelegate.h */,
				3D45473B19234CA4007551D2 /* PeerShopAppDelegate.m */,
				3D45473219234CA4007551D2 /* Supporting Files */,
			);
			path = PeerShop;
			sourceTree = "<group>";
		};
		3D45473219234CA4007551D2 /* Supporting Files */ = {
			isa = PBXGroup;
			children = (
				3D45473319234CA4007551D2 /* PeerShop-Info.plist */,
				3D45473419234CA4007551D2 /* InfoPlist.strings */,
				3D45473719234CA4007551D2 /* main.m */,
				3D45473919234CA4007551D2 /* PeerShop-Prefix.pch */,
			);
			name = "Supporting Files";
			sourceTree = "<group>";
		};
		3D45475019234CA4007551D2 /* PeerShopTests */ = {
			isa = PBXGroup;
			children = (
				3D45475619234CA4007551D2 /* PeerShopTests.m */,
				3D45475119234CA4007551D2 /* Supporting Files */,
			);
			path = PeerShopTests;
			sourceTree = "<group>";
		};
		3D45475119234CA4007551D2 /* Supporting Files */ = {
			isa = PBXGroup;
			children = (
				3D45475219234CA4007551D2 /* PeerShopTests-Info.plist */,
				3D45475319234CA4007551D2 /* InfoPlist.strings */,
			);
			name = "Supporting Files";
			sourceTree = "<group>";
		};
		3D45476019235E16007551D2 /* Controller */ = {
			isa = PBXGroup;
			children = (
				3D45476419235F79007551D2 /* ItemDetailViewController.h */,
				3D45476519235F79007551D2 /* ItemDetailViewController.m */,
				3D776E84193555C9007EECC4 /* ItemCreationTVC.h */,
				3D776E85193555C9007EECC4 /* ItemCreationTVC.m */,
				3D634FF7193B4009007EFEB1 /* LoginVC.h */,
				3D634FF8193B4009007EFEB1 /* LoginVC.m */,
				3DA311C9194268D80041F993 /* BackgroundTVC.h */,
				3DA311CA194268D80041F993 /* BackgroundTVC.m */,
				3DA311D719429CAE0041F993 /* PeerShopDatabase.h */,
				3DA311D819429CAE0041F993 /* PeerShopDatabase.m */,
				3DA311E41942DE560041F993 /* ItemSearchViewController.h */,
				3DA311E51942DE560041F993 /* ItemSearchViewController.m */,
			);
			name = Controller;
			sourceTree = "<group>";
		};
		3D5C9BAE193D281400359CEF /* ItemCollection */ = {
			isa = PBXGroup;
			children = (
				3D45476119235E59007551D2 /* ItemCollectionViewController.h */,
				3D45476219235E59007551D2 /* ItemCollectionViewController.m */,
				3D45476719236002007551D2 /* ItemCollectionViewCell.h */,
				3D45476819236002007551D2 /* ItemCollectionViewCell.m */,
				3D5C9BAF193D284E00359CEF /* ItemCollectionViewLayout.h */,
				3D5C9BB0193D284E00359CEF /* ItemCollectionViewLayout.m */,
			);
			name = ItemCollection;
			sourceTree = "<group>";
		};
		3D8C9AF4194176F100B13494 /* View */ = {
			isa = PBXGroup;
			children = (
				3D8C9AF51941771D00B13494 /* PeerShopHeaderView.xib */,
				3D8C9AF719417A2700B13494 /* PeerShopHeaderView.h */,
				3D8C9AF819417A2700B13494 /* PeerShopHeaderView.m */,
				3DA311CC194269930041F993 /* BackgroundView.h */,
				3DA311CD194269930041F993 /* BackgroundView.m */,
				3DA311DF1942D79C0041F993 /* WhiteButton.h */,
				3DA311E01942D79C0041F993 /* WhiteButton.m */,
				3DA311E21942DDCD0041F993 /* SearchHeaderView.xib */,
				3DA311E71942DEAF0041F993 /* SearchHeaderView.h */,
				3DA311E81942DEAF0041F993 /* SearchHeaderView.m */,
			);
			name = View;
			sourceTree = "<group>";
		};
		3DA311D319429B810041F993 /* Core Data */ = {
			isa = PBXGroup;
			children = (
				3DA311D419429BB60041F993 /* PeerShop.xcdatamodeld */,
				3DA311DA19429FB30041F993 /* Item.h */,
				3DA311DB19429FB30041F993 /* Item.m */,
			);
			name = "Core Data";
			sourceTree = "<group>";
		};
/* End PBXGroup section */

/* Begin PBXNativeTarget section */
		3D45472719234CA4007551D2 /* PeerShop */ = {
			isa = PBXNativeTarget;
			buildConfigurationList = 3D45475A19234CA4007551D2 /* Build configuration list for PBXNativeTarget "PeerShop" */;
			buildPhases = (
				3D45472419234CA4007551D2 /* Sources */,
				3D45472519234CA4007551D2 /* Frameworks */,
				3D45472619234CA4007551D2 /* Resources */,
			);
			buildRules = (
			);
			dependencies = (
			);
			name = PeerShop;
			productName = PeerShop;
			productReference = 3D45472819234CA4007551D2 /* PeerShop.app */;
			productType = "com.apple.product-type.application";
		};
		3D45474819234CA4007551D2 /* PeerShopTests */ = {
			isa = PBXNativeTarget;
			buildConfigurationList = 3D45475D19234CA4007551D2 /* Build configuration list for PBXNativeTarget "PeerShopTests" */;
			buildPhases = (
				3D45474519234CA4007551D2 /* Sources */,
				3D45474619234CA4007551D2 /* Frameworks */,
				3D45474719234CA4007551D2 /* Resources */,
			);
			buildRules = (
			);
			dependencies = (
				3D45474F19234CA4007551D2 /* PBXTargetDependency */,
			);
			name = PeerShopTests;
			productName = PeerShopTests;
			productReference = 3D45474919234CA4007551D2 /* PeerShopTests.xctest */;
			productType = "com.apple.product-type.bundle.unit-test";
		};
/* End PBXNativeTarget section */

/* Begin PBXProject section */
		3D45472019234CA4007551D2 /* Project object */ = {
			isa = PBXProject;
			attributes = {
				CLASSPREFIX = PeerShop;
				LastUpgradeCheck = 0510;
				ORGANIZATIONNAME = "Wen Hao";
				TargetAttributes = {
					3D45472719234CA4007551D2 = {
						DevelopmentTeam = FUTU96J3U9;
					};
					3D45474819234CA4007551D2 = {
						TestTargetID = 3D45472719234CA4007551D2;
					};
				};
			};
			buildConfigurationList = 3D45472319234CA4007551D2 /* Build configuration list for PBXProject "PeerShop" */;
			compatibilityVersion = "Xcode 3.2";
			developmentRegion = English;
			hasScannedForEncodings = 0;
			knownRegions = (
				en,
				Base,
			);
			mainGroup = 3D45471F19234CA4007551D2;
			productRefGroup = 3D45472919234CA4007551D2 /* Products */;
			projectDirPath = "";
			projectRoot = "";
			targets = (
				3D45472719234CA4007551D2 /* PeerShop */,
				3D45474819234CA4007551D2 /* PeerShopTests */,
			);
		};
/* End PBXProject section */

/* Begin PBXResourcesBuildPhase section */
		3D45472619234CA4007551D2 /* Resources */ = {
			isa = PBXResourcesBuildPhase;
			buildActionMask = 2147483647;
			files = (
				3D45474419234CA4007551D2 /* Images.xcassets in Resources */,
				3DA311E31942DDCD0041F993 /* SearchHeaderView.xib in Resources */,
				3D8C9AF61941771D00B13494 /* PeerShopHeaderView.xib in Resources */,
				3D45473619234CA4007551D2 /* InfoPlist.strings in Resources */,
				3D45473F19234CA4007551D2 /* Main.storyboard in Resources */,
			);
			runOnlyForDeploymentPostprocessing = 0;
		};
		3D45474719234CA4007551D2 /* Resources */ = {
			isa = PBXResourcesBuildPhase;
			buildActionMask = 2147483647;
			files = (
				3D45475519234CA4007551D2 /* InfoPlist.strings in Resources */,
			);
			runOnlyForDeploymentPostprocessing = 0;
		};
/* End PBXResourcesBuildPhase section */

/* Begin PBXSourcesBuildPhase section */
		3D45472419234CA4007551D2 /* Sources */ = {
			isa = PBXSourcesBuildPhase;
			buildActionMask = 2147483647;
			files = (
				3DA311DC19429FB30041F993 /* Item.m in Sources */,
				3D45476919236002007551D2 /* ItemCollectionViewCell.m in Sources */,
				3D45476C19236961007551D2 /* PeerShopInterface.m in Sources */,
				3DA311CE194269930041F993 /* BackgroundView.m in Sources */,
				3D45476319235E59007551D2 /* ItemCollectionViewController.m in Sources */,
				3DA311E11942D79C0041F993 /* WhiteButton.m in Sources */,
				3DA311D619429BB60041F993 /* PeerShop.xcdatamodeld in Sources */,
				3DA311E61942DE560041F993 /* ItemSearchViewController.m in Sources */,
				3DA311D919429CAE0041F993 /* PeerShopDatabase.m in Sources */,
				3D45473C19234CA4007551D2 /* PeerShopAppDelegate.m in Sources */,
				3DA311E91942DEAF0041F993 /* SearchHeaderView.m in Sources */,
				3DA311CB194268D80041F993 /* BackgroundTVC.m in Sources */,
				3D5C9BB1193D284E00359CEF /* ItemCollectionViewLayout.m in Sources */,
				3D45473819234CA4007551D2 /* main.m in Sources */,
				3D776E86193555C9007EECC4 /* ItemCreationTVC.m in Sources */,
				3D8C9AF919417A2700B13494 /* PeerShopHeaderView.m in Sources */,
				3D634FF9193B4009007EFEB1 /* LoginVC.m in Sources */,
				3D45476619235F79007551D2 /* ItemDetailViewController.m in Sources */,
			);
			runOnlyForDeploymentPostprocessing = 0;
		};
		3D45474519234CA4007551D2 /* Sources */ = {
			isa = PBXSourcesBuildPhase;
			buildActionMask = 2147483647;
			files = (
				3D45475719234CA4007551D2 /* PeerShopTests.m in Sources */,
			);
			runOnlyForDeploymentPostprocessing = 0;
		};
/* End PBXSourcesBuildPhase section */

/* Begin PBXTargetDependency section */
		3D45474F19234CA4007551D2 /* PBXTargetDependency */ = {
			isa = PBXTargetDependency;
			target = 3D45472719234CA4007551D2 /* PeerShop */;
			targetProxy = 3D45474E19234CA4007551D2 /* PBXContainerItemProxy */;
		};
/* End PBXTargetDependency section */

/* Begin PBXVariantGroup section */
		3D45473419234CA4007551D2 /* InfoPlist.strings */ = {
			isa = PBXVariantGroup;
			children = (
				3D45473519234CA4007551D2 /* en */,
			);
			name = InfoPlist.strings;
			sourceTree = "<group>";
		};
		3D45473D19234CA4007551D2 /* Main.storyboard */ = {
			isa = PBXVariantGroup;
			children = (
				3D45473E19234CA4007551D2 /* Base */,
			);
			name = Main.storyboard;
			sourceTree = "<group>";
		};
		3D45475319234CA4007551D2 /* InfoPlist.strings */ = {
			isa = PBXVariantGroup;
			children = (
				3D45475419234CA4007551D2 /* en */,
			);
			name = InfoPlist.strings;
			sourceTree = "<group>";
		};
/* End PBXVariantGroup section */

/* Begin XCBuildConfiguration section */
		3D45475819234CA4007551D2 /* Debug */ = {
			isa = XCBuildConfiguration;
			buildSettings = {
				ALWAYS_SEARCH_USER_PATHS = NO;
				CLANG_CXX_LANGUAGE_STANDARD = "gnu++0x";
				CLANG_CXX_LIBRARY = "libc++";
				CLANG_ENABLE_MODULES = YES;
				CLANG_ENABLE_OBJC_ARC = YES;
				CLANG_WARN_BOOL_CONVERSION = YES;
				CLANG_WARN_CONSTANT_CONVERSION = YES;
				CLANG_WARN_DIRECT_OBJC_ISA_USAGE = YES_ERROR;
				CLANG_WARN_EMPTY_BODY = YES;
				CLANG_WARN_ENUM_CONVERSION = YES;
				CLANG_WARN_INT_CONVERSION = YES;
				CLANG_WARN_OBJC_ROOT_CLASS = YES_ERROR;
				CLANG_WARN__DUPLICATE_METHOD_MATCH = YES;
				"CODE_SIGN_IDENTITY[sdk=iphoneos*]" = "iPhone Developer";
				COPY_PHASE_STRIP = NO;
				GCC_C_LANGUAGE_STANDARD = gnu99;
				GCC_DYNAMIC_NO_PIC = NO;
				GCC_OPTIMIZATION_LEVEL = 0;
				GCC_PREPROCESSOR_DEFINITIONS = (
					"DEBUG=1",
					"$(inherited)",
				);
				GCC_SYMBOLS_PRIVATE_EXTERN = NO;
				GCC_WARN_64_TO_32_BIT_CONVERSION = YES;
				GCC_WARN_ABOUT_RETURN_TYPE = YES_ERROR;
				GCC_WARN_UNDECLARED_SELECTOR = YES;
				GCC_WARN_UNINITIALIZED_AUTOS = YES_AGGRESSIVE;
				GCC_WARN_UNUSED_FUNCTION = YES;
				GCC_WARN_UNUSED_VARIABLE = YES;
				IPHONEOS_DEPLOYMENT_TARGET = 7.1;
				ONLY_ACTIVE_ARCH = YES;
				SDKROOT = iphoneos;
			};
			name = Debug;
		};
		3D45475919234CA4007551D2 /* Release */ = {
			isa = XCBuildConfiguration;
			buildSettings = {
				ALWAYS_SEARCH_USER_PATHS = NO;
				CLANG_CXX_LANGUAGE_STANDARD = "gnu++0x";
				CLANG_CXX_LIBRARY = "libc++";
				CLANG_ENABLE_MODULES = YES;
				CLANG_ENABLE_OBJC_ARC = YES;
				CLANG_WARN_BOOL_CONVERSION = YES;
				CLANG_WARN_CONSTANT_CONVERSION = YES;
				CLANG_WARN_DIRECT_OBJC_ISA_USAGE = YES_ERROR;
				CLANG_WARN_EMPTY_BODY = YES;
				CLANG_WARN_ENUM_CONVERSION = YES;
				CLANG_WARN_INT_CONVERSION = YES;
				CLANG_WARN_OBJC_ROOT_CLASS = YES_ERROR;
				CLANG_WARN__DUPLICATE_METHOD_MATCH = YES;
				"CODE_SIGN_IDENTITY[sdk=iphoneos*]" = "iPhone Developer";
				COPY_PHASE_STRIP = YES;
				ENABLE_NS_ASSERTIONS = NO;
				GCC_C_LANGUAGE_STANDARD = gnu99;
				GCC_WARN_64_TO_32_BIT_CONVERSION = YES;
				GCC_WARN_ABOUT_RETURN_TYPE = YES_ERROR;
				GCC_WARN_UNDECLARED_SELECTOR = YES;
				GCC_WARN_UNINITIALIZED_AUTOS = YES_AGGRESSIVE;
				GCC_WARN_UNUSED_FUNCTION = YES;
				GCC_WARN_UNUSED_VARIABLE = YES;
				IPHONEOS_DEPLOYMENT_TARGET = 7.1;
				SDKROOT = iphoneos;
				VALIDATE_PRODUCT = YES;
			};
			name = Release;
		};
		3D45475B19234CA4007551D2 /* Debug */ = {
			isa = XCBuildConfiguration;
			buildSettings = {
				ASSETCATALOG_COMPILER_APPICON_NAME = AppIcon;
				ASSETCATALOG_COMPILER_LAUNCHIMAGE_NAME = LaunchImage;
				CODE_SIGN_IDENTITY = "iPhone Developer";
				"CODE_SIGN_IDENTITY[sdk=iphoneos*]" = "iPhone Developer";
				GCC_PRECOMPILE_PREFIX_HEADER = YES;
				GCC_PREFIX_HEADER = "PeerShop/PeerShop-Prefix.pch";
				INFOPLIST_FILE = "PeerShop/PeerShop-Info.plist";
				PRODUCT_NAME = "$(TARGET_NAME)";
				PROVISIONING_PROFILE = "";
				WRAPPER_EXTENSION = app;
			};
			name = Debug;
		};
		3D45475C19234CA4007551D2 /* Release */ = {
			isa = XCBuildConfiguration;
			buildSettings = {
				ASSETCATALOG_COMPILER_APPICON_NAME = AppIcon;
				ASSETCATALOG_COMPILER_LAUNCHIMAGE_NAME = LaunchImage;
				CODE_SIGN_IDENTITY = "iPhone Developer";
				"CODE_SIGN_IDENTITY[sdk=iphoneos*]" = "iPhone Developer";
				GCC_PRECOMPILE_PREFIX_HEADER = YES;
				GCC_PREFIX_HEADER = "PeerShop/PeerShop-Prefix.pch";
				INFOPLIST_FILE = "PeerShop/PeerShop-Info.plist";
				PRODUCT_NAME = "$(TARGET_NAME)";
				PROVISIONING_PROFILE = "";
				WRAPPER_EXTENSION = app;
			};
			name = Release;
		};
		3D45475E19234CA4007551D2 /* Debug */ = {
			isa = XCBuildConfiguration;
			buildSettings = {
				BUNDLE_LOADER = "$(BUILT_PRODUCTS_DIR)/PeerShop.app/PeerShop";
				FRAMEWORK_SEARCH_PATHS = (
					"$(SDKROOT)/Developer/Library/Frameworks",
					"$(inherited)",
					"$(DEVELOPER_FRAMEWORKS_DIR)",
				);
				GCC_PRECOMPILE_PREFIX_HEADER = YES;
				GCC_PREFIX_HEADER = "PeerShop/PeerShop-Prefix.pch";
				GCC_PREPROCESSOR_DEFINITIONS = (
					"DEBUG=1",
					"$(inherited)",
				);
				INFOPLIST_FILE = "PeerShopTests/PeerShopTests-Info.plist";
				PRODUCT_NAME = "$(TARGET_NAME)";
				TEST_HOST = "$(BUNDLE_LOADER)";
				WRAPPER_EXTENSION = xctest;
			};
			name = Debug;
		};
		3D45475F19234CA4007551D2 /* Release */ = {
			isa = XCBuildConfiguration;
			buildSettings = {
				BUNDLE_LOADER = "$(BUILT_PRODUCTS_DIR)/PeerShop.app/PeerShop";
				FRAMEWORK_SEARCH_PATHS = (
					"$(SDKROOT)/Developer/Library/Frameworks",
					"$(inherited)",
					"$(DEVELOPER_FRAMEWORKS_DIR)",
				);
				GCC_PRECOMPILE_PREFIX_HEADER = YES;
				GCC_PREFIX_HEADER = "PeerShop/PeerShop-Prefix.pch";
				INFOPLIST_FILE = "PeerShopTests/PeerShopTests-Info.plist";
				PRODUCT_NAME = "$(TARGET_NAME)";
				TEST_HOST = "$(BUNDLE_LOADER)";
				WRAPPER_EXTENSION = xctest;
			};
			name = Release;
		};
/* End XCBuildConfiguration section */

/* Begin XCConfigurationList section */
		3D45472319234CA4007551D2 /* Build configuration list for PBXProject "PeerShop" */ = {
			isa = XCConfigurationList;
			buildConfigurations = (
				3D45475819234CA4007551D2 /* Debug */,
				3D45475919234CA4007551D2 /* Release */,
			);
			defaultConfigurationIsVisible = 0;
			defaultConfigurationName = Release;
		};
		3D45475A19234CA4007551D2 /* Build configuration list for PBXNativeTarget "PeerShop" */ = {
			isa = XCConfigurationList;
			buildConfigurations = (
				3D45475B19234CA4007551D2 /* Debug */,
				3D45475C19234CA4007551D2 /* Release */,
			);
			defaultConfigurationIsVisible = 0;
			defaultConfigurationName = Release;
		};
		3D45475D19234CA4007551D2 /* Build configuration list for PBXNativeTarget "PeerShopTests" */ = {
			isa = XCConfigurationList;
			buildConfigurations = (
				3D45475E19234CA4007551D2 /* Debug */,
				3D45475F19234CA4007551D2 /* Release */,
			);
			defaultConfigurationIsVisible = 0;
			defaultConfigurationName = Release;
		};
/* End XCConfigurationList section */

/* Begin XCVersionGroup section */
		3DA311D419429BB60041F993 /* PeerShop.xcdatamodeld */ = {
			isa = XCVersionGroup;
			children = (
				3DA311D519429BB60041F993 /* PeerShop.xcdatamodel */,
			);
			currentVersion = 3DA311D519429BB60041F993 /* PeerShop.xcdatamodel */;
			path = PeerShop.xcdatamodeld;
			sourceTree = "<group>";
			versionGroupType = wrapper.xcdatamodel;
		};
/* End XCVersionGroup section */
	};
	rootObject = 3D45472019234CA4007551D2 /* Project object */;
}
